
Microsoft Visual Studio Solution File, Format Version 12.00
# Visual Studio Version 17
VisualStudioVersion = 17.4.33103.184
MinimumVisualStudioVersion = 10.0.40219.1
Project("{FAE04EC0-301F-11D3-BF4B-00C04F79EFBC}") = "ejercicios", "ejercicios\ejercicios.csproj", "{39E34165-6584-43DF-8043-AAED137A0BCE}"
EndProject
Project("{FAE04EC0-301F-11D3-BF4B-00C04F79EFBC}") = "ejerciciosenclase", "ejerciciosenclase\ejerciciosenclase.csproj", "{023F769C-F087-4CAC-A08F-75BC91C9E0A0}"
EndProject
Project("{FAE04EC0-301F-11D3-BF4B-00C04F79EFBC}") = "ejercicio 2.5", "ejercicio 2.5\ejercicio 2.5.csproj", "{03C67467-BBB0-4CD7-84E4-3A4D00319FC2}"
EndProject
Project("{FAE04EC0-301F-11D3-BF4B-00C04F79EFBC}") = "ejercicio3.6", "ejercicio3.6\ejercicio3.6.csproj", "{C8473E0A-688C-49EC-AB00-3797CAB8FEB1}"
EndProject
Project("{FAE04EC0-301F-11D3-BF4B-00C04F79EFBC}") = "ejercicio3.9", "ejercicio3.9\ejercicio3.9.csproj", "{45C465CC-92F6-4A97-AC8C-7ECC0805B130}"
EndProject
Project("{FAE04EC0-301F-11D3-BF4B-00C04F79EFBC}") = "ejercicio2.10", "ejercicio2.10\ejercicio2.10.csproj", "{3A7AEFAE-010D-4267-B49B-E766E04AAB06}"
EndProject
Project("{FAE04EC0-301F-11D3-BF4B-00C04F79EFBC}") = "eje2.11", "eje2.11\eje2.11.csproj", "{A67E4960-DA37-4419-BB11-0D65159EFE9A}"
EndProject
Project("{FAE04EC0-301F-11D3-BF4B-00C04F79EFBC}") = "eje2.15", "eje2.15\eje2.15.csproj", "{669B0615-9707-4D9E-B1BC-A25ED82174BA}"
EndProject
Project("{FAE04EC0-301F-11D3-BF4B-00C04F79EFBC}") = "eje2.16", "eje2.16\eje2.16.csproj", "{3F2E844E-A61A-4010-8038-336737D7D966}"
EndProject
Project("{FAE04EC0-301F-11D3-BF4B-00C04F79EFBC}") = "2.17", "2.17\2.17.csproj", "{2C7D2282-85D8-4627-B569-0E6736698F2E}"
EndProject
Project("{FAE04EC0-301F-11D3-BF4B-00C04F79EFBC}") = "eje2.3", "eje2.3\eje2.3.csproj", "{1429625A-A739-4753-AE50-1BD95D641738}"
EndProject
Project("{FAE04EC0-301F-11D3-BF4B-00C04F79EFBC}") = "2.4", "2.4\2.4.csproj", "{220B8A4B-EC45-47C2-A67A-829C82296603}"
EndProject
Project("{FAE04EC0-301F-11D3-BF4B-00C04F79EFBC}") = "2.7", "2.7\2.7.csproj", "{052C7352-A944-4CD4-9C63-DB423699596B}"
EndProject
Project("{FAE04EC0-301F-11D3-BF4B-00C04F79EFBC}") = "2.9", "2.9\2.9.csproj", "{234DA392-28BF-4307-BD57-069533C76EED}"
EndProject
Project("{FAE04EC0-301F-11D3-BF4B-00C04F79EFBC}") = "eje3.1", "eje3.1\eje3.1.csproj", "{D45F06B5-248C-424E-8C10-EC98779EB395}"
EndProject
Project("{FAE04EC0-301F-11D3-BF4B-00C04F79EFBC}") = "eje3.2", "eje3.2\eje3.2.csproj", "{CE301429-40A4-4B14-B623-3958D71532F7}"
EndProject
Project("{FAE04EC0-301F-11D3-BF4B-00C04F79EFBC}") = "3.3", "3.3\3.3.csproj", "{376EEC3B-0B67-4A89-BB98-C1BD3E2AB4DF}"
EndProject
Project("{FAE04EC0-301F-11D3-BF4B-00C04F79EFBC}") = "3.4", "3.4\3.4.csproj", "{2F391DFD-12C1-4B6F-8062-0EBF94522B9B}"
EndProject
Project("{FAE04EC0-301F-11D3-BF4B-00C04F79EFBC}") = "3.5", "3.5\3.5.csproj", "{B428FD5D-B959-4F51-BE7F-91B2583707AB}"
EndProject
Project("{FAE04EC0-301F-11D3-BF4B-00C04F79EFBC}") = "3.7", "3.7\3.7.csproj", "{2240A138-B219-402B-B0BD-73985CDA6D60}"
EndProject
Global
	GlobalSection(SolutionConfigurationPlatforms) = preSolution
		Debug|Any CPU = Debug|Any CPU
		Release|Any CPU = Release|Any CPU
	EndGlobalSection
	GlobalSection(ProjectConfigurationPlatforms) = postSolution
		{39E34165-6584-43DF-8043-AAED137A0BCE}.Debug|Any CPU.ActiveCfg = Debug|Any CPU
		{39E34165-6584-43DF-8043-AAED137A0BCE}.Debug|Any CPU.Build.0 = Debug|Any CPU
		{39E34165-6584-43DF-8043-AAED137A0BCE}.Release|Any CPU.ActiveCfg = Release|Any CPU
		{39E34165-6584-43DF-8043-AAED137A0BCE}.Release|Any CPU.Build.0 = Release|Any CPU
		{023F769C-F087-4CAC-A08F-75BC91C9E0A0}.Debug|Any CPU.ActiveCfg = Debug|Any CPU
		{023F769C-F087-4CAC-A08F-75BC91C9E0A0}.Debug|Any CPU.Build.0 = Debug|Any CPU
		{023F769C-F087-4CAC-A08F-75BC91C9E0A0}.Release|Any CPU.ActiveCfg = Release|Any CPU
		{023F769C-F087-4CAC-A08F-75BC91C9E0A0}.Release|Any CPU.Build.0 = Release|Any CPU
		{03C67467-BBB0-4CD7-84E4-3A4D00319FC2}.Debug|Any CPU.ActiveCfg = Debug|Any CPU
		{03C67467-BBB0-4CD7-84E4-3A4D00319FC2}.Debug|Any CPU.Build.0 = Debug|Any CPU
		{03C67467-BBB0-4CD7-84E4-3A4D00319FC2}.Release|Any CPU.ActiveCfg = Release|Any CPU
		{03C67467-BBB0-4CD7-84E4-3A4D00319FC2}.Release|Any CPU.Build.0 = Release|Any CPU
		{C8473E0A-688C-49EC-AB00-3797CAB8FEB1}.Debug|Any CPU.ActiveCfg = Debug|Any CPU
		{C8473E0A-688C-49EC-AB00-3797CAB8FEB1}.Debug|Any CPU.Build.0 = Debug|Any CPU
		{C8473E0A-688C-49EC-AB00-3797CAB8FEB1}.Release|Any CPU.ActiveCfg = Release|Any CPU
		{C8473E0A-688C-49EC-AB00-3797CAB8FEB1}.Release|Any CPU.Build.0 = Release|Any CPU
		{45C465CC-92F6-4A97-AC8C-7ECC0805B130}.Debug|Any CPU.ActiveCfg = Debug|Any CPU
		{45C465CC-92F6-4A97-AC8C-7ECC0805B130}.Debug|Any CPU.Build.0 = Debug|Any CPU
		{45C465CC-92F6-4A97-AC8C-7ECC0805B130}.Release|Any CPU.ActiveCfg = Release|Any CPU
		{45C465CC-92F6-4A97-AC8C-7ECC0805B130}.Release|Any CPU.Build.0 = Release|Any CPU
		{3A7AEFAE-010D-4267-B49B-E766E04AAB06}.Debug|Any CPU.ActiveCfg = Debug|Any CPU
		{3A7AEFAE-010D-4267-B49B-E766E04AAB06}.Debug|Any CPU.Build.0 = Debug|Any CPU
		{3A7AEFAE-010D-4267-B49B-E766E04AAB06}.Release|Any CPU.ActiveCfg = Release|Any CPU
		{3A7AEFAE-010D-4267-B49B-E766E04AAB06}.Release|Any CPU.Build.0 = Release|Any CPU
		{A67E4960-DA37-4419-BB11-0D65159EFE9A}.Debug|Any CPU.ActiveCfg = Debug|Any CPU
		{A67E4960-DA37-4419-BB11-0D65159EFE9A}.Debug|Any CPU.Build.0 = Debug|Any CPU
		{A67E4960-DA37-4419-BB11-0D65159EFE9A}.Release|Any CPU.ActiveCfg = Release|Any CPU
		{A67E4960-DA37-4419-BB11-0D65159EFE9A}.Release|Any CPU.Build.0 = Release|Any CPU
		{669B0615-9707-4D9E-B1BC-A25ED82174BA}.Debug|Any CPU.ActiveCfg = Debug|Any CPU
		{669B0615-9707-4D9E-B1BC-A25ED82174BA}.Debug|Any CPU.Build.0 = Debug|Any CPU
		{669B0615-9707-4D9E-B1BC-A25ED82174BA}.Release|Any CPU.ActiveCfg = Release|Any CPU
		{669B0615-9707-4D9E-B1BC-A25ED82174BA}.Release|Any CPU.Build.0 = Release|Any CPU
		{3F2E844E-A61A-4010-8038-336737D7D966}.Debug|Any CPU.ActiveCfg = Debug|Any CPU
		{3F2E844E-A61A-4010-8038-336737D7D966}.Debug|Any CPU.Build.0 = Debug|Any CPU
		{3F2E844E-A61A-4010-8038-336737D7D966}.Release|Any CPU.ActiveCfg = Release|Any CPU
		{3F2E844E-A61A-4010-8038-336737D7D966}.Release|Any CPU.Build.0 = Release|Any CPU
		{2C7D2282-85D8-4627-B569-0E6736698F2E}.Debug|Any CPU.ActiveCfg = Debug|Any CPU
		{2C7D2282-85D8-4627-B569-0E6736698F2E}.Debug|Any CPU.Build.0 = Debug|Any CPU
		{2C7D2282-85D8-4627-B569-0E6736698F2E}.Release|Any CPU.ActiveCfg = Release|Any CPU
		{2C7D2282-85D8-4627-B569-0E6736698F2E}.Release|Any CPU.Build.0 = Release|Any CPU
		{1429625A-A739-4753-AE50-1BD95D641738}.Debug|Any CPU.ActiveCfg = Debug|Any CPU
		{1429625A-A739-4753-AE50-1BD95D641738}.Debug|Any CPU.Build.0 = Debug|Any CPU
		{1429625A-A739-4753-AE50-1BD95D641738}.Release|Any CPU.ActiveCfg = Release|Any CPU
		{1429625A-A739-4753-AE50-1BD95D641738}.Release|Any CPU.Build.0 = Release|Any CPU
		{220B8A4B-EC45-47C2-A67A-829C82296603}.Debug|Any CPU.ActiveCfg = Debug|Any CPU
		{220B8A4B-EC45-47C2-A67A-829C82296603}.Debug|Any CPU.Build.0 = Debug|Any CPU
		{220B8A4B-EC45-47C2-A67A-829C82296603}.Release|Any CPU.ActiveCfg = Release|Any CPU
		{220B8A4B-EC45-47C2-A67A-829C82296603}.Release|Any CPU.Build.0 = Release|Any CPU
		{052C7352-A944-4CD4-9C63-DB423699596B}.Debug|Any CPU.ActiveCfg = Debug|Any CPU
		{052C7352-A944-4CD4-9C63-DB423699596B}.Debug|Any CPU.Build.0 = Debug|Any CPU
		{052C7352-A944-4CD4-9C63-DB423699596B}.Release|Any CPU.ActiveCfg = Release|Any CPU
		{052C7352-A944-4CD4-9C63-DB423699596B}.Release|Any CPU.Build.0 = Release|Any CPU
		{234DA392-28BF-4307-BD57-069533C76EED}.Debug|Any CPU.ActiveCfg = Debug|Any CPU
		{234DA392-28BF-4307-BD57-069533C76EED}.Debug|Any CPU.Build.0 = Debug|Any CPU
		{234DA392-28BF-4307-BD57-069533C76EED}.Release|Any CPU.ActiveCfg = Release|Any CPU
		{234DA392-28BF-4307-BD57-069533C76EED}.Release|Any CPU.Build.0 = Release|Any CPU
		{D45F06B5-248C-424E-8C10-EC98779EB395}.Debug|Any CPU.ActiveCfg = Debug|Any CPU
		{D45F06B5-248C-424E-8C10-EC98779EB395}.Debug|Any CPU.Build.0 = Debug|Any CPU
		{D45F06B5-248C-424E-8C10-EC98779EB395}.Release|Any CPU.ActiveCfg = Release|Any CPU
		{D45F06B5-248C-424E-8C10-EC98779EB395}.Release|Any CPU.Build.0 = Release|Any CPU
		{CE301429-40A4-4B14-B623-3958D71532F7}.Debug|Any CPU.ActiveCfg = Debug|Any CPU
		{CE301429-40A4-4B14-B623-3958D71532F7}.Debug|Any CPU.Build.0 = Debug|Any CPU
		{CE301429-40A4-4B14-B623-3958D71532F7}.Release|Any CPU.ActiveCfg = Release|Any CPU
		{CE301429-40A4-4B14-B623-3958D71532F7}.Release|Any CPU.Build.0 = Release|Any CPU
		{376EEC3B-0B67-4A89-BB98-C1BD3E2AB4DF}.Debug|Any CPU.ActiveCfg = Debug|Any CPU
		{376EEC3B-0B67-4A89-BB98-C1BD3E2AB4DF}.Debug|Any CPU.Build.0 = Debug|Any CPU
		{376EEC3B-0B67-4A89-BB98-C1BD3E2AB4DF}.Release|Any CPU.ActiveCfg = Release|Any CPU
		{376EEC3B-0B67-4A89-BB98-C1BD3E2AB4DF}.Release|Any CPU.Build.0 = Release|Any CPU
		{2F391DFD-12C1-4B6F-8062-0EBF94522B9B}.Debug|Any CPU.ActiveCfg = Debug|Any CPU
		{2F391DFD-12C1-4B6F-8062-0EBF94522B9B}.Debug|Any CPU.Build.0 = Debug|Any CPU
		{2F391DFD-12C1-4B6F-8062-0EBF94522B9B}.Release|Any CPU.ActiveCfg = Release|Any CPU
		{2F391DFD-12C1-4B6F-8062-0EBF94522B9B}.Release|Any CPU.Build.0 = Release|Any CPU
		{B428FD5D-B959-4F51-BE7F-91B2583707AB}.Debug|Any CPU.ActiveCfg = Debug|Any CPU
		{B428FD5D-B959-4F51-BE7F-91B2583707AB}.Debug|Any CPU.Build.0 = Debug|Any CPU
		{B428FD5D-B959-4F51-BE7F-91B2583707AB}.Release|Any CPU.ActiveCfg = Release|Any CPU
		{B428FD5D-B959-4F51-BE7F-91B2583707AB}.Release|Any CPU.Build.0 = Release|Any CPU
		{2240A138-B219-402B-B0BD-73985CDA6D60}.Debug|Any CPU.ActiveCfg = Debug|Any CPU
		{2240A138-B219-402B-B0BD-73985CDA6D60}.Debug|Any CPU.Build.0 = Debug|Any CPU
		{2240A138-B219-402B-B0BD-73985CDA6D60}.Release|Any CPU.ActiveCfg = Release|Any CPU
		{2240A138-B219-402B-B0BD-73985CDA6D60}.Release|Any CPU.Build.0 = Release|Any CPU
	EndGlobalSection
	GlobalSection(SolutionProperties) = preSolution
		HideSolutionNode = FALSE
	EndGlobalSection
	GlobalSection(ExtensibilityGlobals) = postSolution
		SolutionGuid = {CE7FEFCC-3803-4C86-BD78-3EB392CD7526}
	EndGlobalSection
EndGlobal
